
Microsoft Visual Studio Solution File, Format Version 12.00
# Visual Studio Version 16
VisualStudioVersion = 16.0.30523.141
MinimumVisualStudioVersion = 10.0.40219.1
Project("{FAE04EC0-301F-11D3-BF4B-00C04F79EFBC}") = "ProcessNote", "ProcessNote\ProcessNote.csproj", "{30A78089-3B26-44E6-8038-56F4E7E94606}"
EndProject
Global
	GlobalSection(SolutionConfigurationPlatforms) = preSolution
		Debug|Any CPU = Debug|Any CPU
		Release|Any CPU = Release|Any CPU
	EndGlobalSection
	GlobalSection(ProjectConfigurationPlatforms) = postSolution
		{30A78089-3B26-44E6-8038-56F4E7E94606}.Debug|Any CPU.ActiveCfg = Debug|Any CPU
		{30A78089-3B26-44E6-8038-56F4E7E94606}.Debug|Any CPU.Build.0 = Debug|Any CPU
		{30A78089-3B26-44E6-8038-56F4E7E94606}.Release|Any CPU.ActiveCfg = Release|Any CPU
		{30A78089-3B26-44E6-8038-56F4E7E94606}.Release|Any CPU.Build.0 = Release|Any CPU
	EndGlobalSection
	GlobalSection(SolutionProperties) = preSolution
		HideSolutionNode = FALSE
	EndGlobalSection
	GlobalSection(ExtensibilityGlobals) = postSolution
		SolutionGuid = {BDE0E0DC-3F03-4C82-9DA4-0C26B5BCD188}
	EndGlobalSection
EndGlobal
